// !$*UTF8*$!
{
	archiveVersion = 1;
	classes = {
	};
	objectVersion = 56;
	objects = {

/* Begin PBXBuildFile section */
		3F52B7462BDF571700ECA886 /* AppDelegate.swift in Sources */ = {isa = PBXBuildFile; fileRef = 3F52B7452BDF571700ECA886 /* AppDelegate.swift */; };
		3F52B7482BDF571700ECA886 /* SceneDelegate.swift in Sources */ = {isa = PBXBuildFile; fileRef = 3F52B7472BDF571700ECA886 /* SceneDelegate.swift */; };
		3F52B74A2BDF571700ECA886 /* ViewController.swift in Sources */ = {isa = PBXBuildFile; fileRef = 3F52B7492BDF571700ECA886 /* ViewController.swift */; };
		3F52B74D2BDF571700ECA886 /* Base in Resources */ = {isa = PBXBuildFile; fileRef = 3F52B74C2BDF571700ECA886 /* Base */; };
		3F52B7502BDF571700ECA886 /* navbardemo.xcdatamodeld in Sources */ = {isa = PBXBuildFile; fileRef = 3F52B74E2BDF571700ECA886 /* navbardemo.xcdatamodeld */; };
		3F52B7522BDF571800ECA886 /* Assets.xcassets in Resources */ = {isa = PBXBuildFile; fileRef = 3F52B7512BDF571800ECA886 /* Assets.xcassets */; };
		3F52B7552BDF571800ECA886 /* Base in Resources */ = {isa = PBXBuildFile; fileRef = 3F52B7542BDF571800ECA886 /* Base */; };
		3F52B7602BDF571800ECA886 /* navbardemoTests.swift in Sources */ = {isa = PBXBuildFile; fileRef = 3F52B75F2BDF571800ECA886 /* navbardemoTests.swift */; };
		3F52B76A2BDF571800ECA886 /* navbardemoUITests.swift in Sources */ = {isa = PBXBuildFile; fileRef = 3F52B7692BDF571800ECA886 /* navbardemoUITests.swift */; };
		3F52B76C2BDF571800ECA886 /* navbardemoUITestsLaunchTests.swift in Sources */ = {isa = PBXBuildFile; fileRef = 3F52B76B2BDF571800ECA886 /* navbardemoUITestsLaunchTests.swift */; };
/* End PBXBuildFile section */

/* Begin PBXContainerItemProxy section */
		3F52B75C2BDF571800ECA886 /* PBXContainerItemProxy */ = {
			isa = PBXContainerItemProxy;
			containerPortal = 3F52B73A2BDF571700ECA886 /* Project object */;
			proxyType = 1;
			remoteGlobalIDString = 3F52B7412BDF571700ECA886;
			remoteInfo = navbardemo;
		};
		3F52B7662BDF571800ECA886 /* PBXContainerItemProxy */ = {
			isa = PBXContainerItemProxy;
			containerPortal = 3F52B73A2BDF571700ECA886 /* Project object */;
			proxyType = 1;
			remoteGlobalIDString = 3F52B7412BDF571700ECA886;
			remoteInfo = navbardemo;
		};
/* End PBXContainerItemProxy section */

/* Begin PBXFileReference section */
		3F52B7422BDF571700ECA886 /* navbardemo.app */ = {isa = PBXFileReference; explicitFileType = wrapper.application; includeInIndex = 0; path = navbardemo.app; sourceTree = BUILT_PRODUCTS_DIR; };
		3F52B7452BDF571700ECA886 /* AppDelegate.swift */ = {isa = PBXFileReference; lastKnownFileType = sourcecode.swift; path = AppDelegate.swift; sourceTree = "<group>"; };
		3F52B7472BDF571700ECA886 /* SceneDelegate.swift */ = {isa = PBXFileReference; lastKnownFileType = sourcecode.swift; path = SceneDelegate.swift; sourceTree = "<group>"; };
		3F52B7492BDF571700ECA886 /* ViewController.swift */ = {isa = PBXFileReference; lastKnownFileType = sourcecode.swift; path = ViewController.swift; sourceTree = "<group>"; };
		3F52B74C2BDF571700ECA886 /* Base */ = {isa = PBXFileReference; lastKnownFileType = file.storyboard; name = Base; path = Base.lproj/Main.storyboard; sourceTree = "<group>"; };
		3F52B74F2BDF571700ECA886 /* navbardemo.xcdatamodel */ = {isa = PBXFileReference; lastKnownFileType = wrapper.xcdatamodel; path = navbardemo.xcdatamodel; sourceTree = "<group>"; };
		3F52B7512BDF571800ECA886 /* Assets.xcassets */ = {isa = PBXFileReference; lastKnownFileType = folder.assetcatalog; path = Assets.xcassets; sourceTree = "<group>"; };
		3F52B7542BDF571800ECA886 /* Base */ = {isa = PBXFileReference; lastKnownFileType = file.storyboard; name = Base; path = Base.lproj/LaunchScreen.storyboard; sourceTree = "<group>"; };
		3F52B7562BDF571800ECA886 /* Info.plist */ = {isa = PBXFileReference; lastKnownFileType = text.plist.xml; path = Info.plist; sourceTree = "<group>"; };
		3F52B75B2BDF571800ECA886 /* navbardemoTests.xctest */ = {isa = PBXFileReference; explicitFileType = wrapper.cfbundle; includeInIndex = 0; path = navbardemoTests.xctest; sourceTree = BUILT_PRODUCTS_DIR; };
		3F52B75F2BDF571800ECA886 /* navbardemoTests.swift */ = {isa = PBXFileReference; lastKnownFileType = sourcecode.swift; path = navbardemoTests.swift; sourceTree = "<group>"; };
		3F52B7652BDF571800ECA886 /* navbardemoUITests.xctest */ = {isa = PBXFileReference; explicitFileType = wrapper.cfbundle; includeInIndex = 0; path = navbardemoUITests.xctest; sourceTree = BUILT_PRODUCTS_DIR; };
		3F52B7692BDF571800ECA886 /* navbardemoUITests.swift */ = {isa = PBXFileReference; lastKnownFileType = sourcecode.swift; path = navbardemoUITests.swift; sourceTree = "<group>"; };
		3F52B76B2BDF571800ECA886 /* navbardemoUITestsLaunchTests.swift */ = {isa = PBXFileReference; lastKnownFileType = sourcecode.swift; path = navbardemoUITestsLaunchTests.swift; sourceTree = "<group>"; };
/* End PBXFileReference section */

/* Begin PBXFrameworksBuildPhase section */
		3F52B73F2BDF571700ECA886 /* Frameworks */ = {
			isa = PBXFrameworksBuildPhase;
			buildActionMask = 2147483647;
			files = (
			);
			runOnlyForDeploymentPostprocessing = 0;
		};
		3F52B7582BDF571800ECA886 /* Frameworks */ = {
			isa = PBXFrameworksBuildPhase;
			buildActionMask = 2147483647;
			files = (
			);
			runOnlyForDeploymentPostprocessing = 0;
		};
		3F52B7622BDF571800ECA886 /* Frameworks */ = {
			isa = PBXFrameworksBuildPhase;
			buildActionMask = 2147483647;
			files = (
			);
			runOnlyForDeploymentPostprocessing = 0;
		};
/* End PBXFrameworksBuildPhase section */

/* Begin PBXGroup section */
		3F52B7392BDF571700ECA886 = {
			isa = PBXGroup;
			children = (
				3F52B7442BDF571700ECA886 /* navbardemo */,
				3F52B75E2BDF571800ECA886 /* navbardemoTests */,
				3F52B7682BDF571800ECA886 /* navbardemoUITests */,
				3F52B7432BDF571700ECA886 /* Products */,
			);
			sourceTree = "<group>";
		};
		3F52B7432BDF571700ECA886 /* Products */ = {
			isa = PBXGroup;
			children = (
				3F52B7422BDF571700ECA886 /* navbardemo.app */,
				3F52B75B2BDF571800ECA886 /* navbardemoTests.xctest */,
				3F52B7652BDF571800ECA886 /* navbardemoUITests.xctest */,
			);
			name = Products;
			sourceTree = "<group>";
		};
		3F52B7442BDF571700ECA886 /* navbardemo */ = {
			isa = PBXGroup;
			children = (
				3F52B7452BDF571700ECA886 /* AppDelegate.swift */,
				3F52B7472BDF571700ECA886 /* SceneDelegate.swift */,
				3F52B7492BDF571700ECA886 /* ViewController.swift */,
				3F52B74B2BDF571700ECA886 /* Main.storyboard */,
				3F52B7512BDF571800ECA886 /* Assets.xcassets */,
				3F52B7532BDF571800ECA886 /* LaunchScreen.storyboard */,
				3F52B7562BDF571800ECA886 /* Info.plist */,
				3F52B74E2BDF571700ECA886 /* navbardemo.xcdatamodeld */,
			);
			path = navbardemo;
			sourceTree = "<group>";
		};
		3F52B75E2BDF571800ECA886 /* navbardemoTests */ = {
			isa = PBXGroup;
			children = (
				3F52B75F2BDF571800ECA886 /* navbardemoTests.swift */,
			);
			path = navbardemoTests;
			sourceTree = "<group>";
		};
		3F52B7682BDF571800ECA886 /* navbardemoUITests */ = {
			isa = PBXGroup;
			children = (
				3F52B7692BDF571800ECA886 /* navbardemoUITests.swift */,
				3F52B76B2BDF571800ECA886 /* navbardemoUITestsLaunchTests.swift */,
			);
			path = navbardemoUITests;
			sourceTree = "<group>";
		};
/* End PBXGroup section */

/* Begin PBXNativeTarget section */
		3F52B7412BDF571700ECA886 /* navbardemo */ = {
			isa = PBXNativeTarget;
			buildConfigurationList = 3F52B76F2BDF571800ECA886 /* Build configuration list for PBXNativeTarget "navbardemo" */;
			buildPhases = (
				3F52B73E2BDF571700ECA886 /* Sources */,
				3F52B73F2BDF571700ECA886 /* Frameworks */,
				3F52B7402BDF571700ECA886 /* Resources */,
			);
			buildRules = (
			);
			dependencies = (
			);
			name = navbardemo;
			productName = navbardemo;
			productReference = 3F52B7422BDF571700ECA886 /* navbardemo.app */;
			productType = "com.apple.product-type.application";
		};
		3F52B75A2BDF571800ECA886 /* navbardemoTests */ = {
			isa = PBXNativeTarget;
			buildConfigurationList = 3F52B7722BDF571800ECA886 /* Build configuration list for PBXNativeTarget "navbardemoTests" */;
			buildPhases = (
				3F52B7572BDF571800ECA886 /* Sources */,
				3F52B7582BDF571800ECA886 /* Frameworks */,
				3F52B7592BDF571800ECA886 /* Resources */,
			);
			buildRules = (
			);
			dependencies = (
				3F52B75D2BDF571800ECA886 /* PBXTargetDependency */,
			);
			name = navbardemoTests;
			productName = navbardemoTests;
			productReference = 3F52B75B2BDF571800ECA886 /* navbardemoTests.xctest */;
			productType = "com.apple.product-type.bundle.unit-test";
		};
		3F52B7642BDF571800ECA886 /* navbardemoUITests */ = {
			isa = PBXNativeTarget;
			buildConfigurationList = 3F52B7752BDF571800ECA886 /* Build configuration list for PBXNativeTarget "navbardemoUITests" */;
			buildPhases = (
				3F52B7612BDF571800ECA886 /* Sources */,
				3F52B7622BDF571800ECA886 /* Frameworks */,
				3F52B7632BDF571800ECA886 /* Resources */,
			);
			buildRules = (
			);
			dependencies = (
				3F52B7672BDF571800ECA886 /* PBXTargetDependency */,
			);
			name = navbardemoUITests;
			productName = navbardemoUITests;
			productReference = 3F52B7652BDF571800ECA886 /* navbardemoUITests.xctest */;
			productType = "com.apple.product-type.bundle.ui-testing";
		};
/* End PBXNativeTarget section */

/* Begin PBXProject section */
		3F52B73A2BDF571700ECA886 /* Project object */ = {
			isa = PBXProject;
			attributes = {
				BuildIndependentTargetsInParallel = 1;
				LastSwiftUpdateCheck = 1530;
				LastUpgradeCheck = 1530;
				TargetAttributes = {
					3F52B7412BDF571700ECA886 = {
						CreatedOnToolsVersion = 15.3;
					};
					3F52B75A2BDF571800ECA886 = {
						CreatedOnToolsVersion = 15.3;
						TestTargetID = 3F52B7412BDF571700ECA886;
					};
					3F52B7642BDF571800ECA886 = {
						CreatedOnToolsVersion = 15.3;
						TestTargetID = 3F52B7412BDF571700ECA886;
					};
				};
			};
			buildConfigurationList = 3F52B73D2BDF571700ECA886 /* Build configuration list for PBXProject "navbardemo" */;
			compatibilityVersion = "Xcode 14.0";
			developmentRegion = en;
			hasScannedForEncodings = 0;
			knownRegions = (
				en,
				Base,
			);
			mainGroup = 3F52B7392BDF571700ECA886;
			productRefGroup = 3F52B7432BDF571700ECA886 /* Products */;
			projectDirPath = "";
			projectRoot = "";
			targets = (
				3F52B7412BDF571700ECA886 /* navbardemo */,
				3F52B75A2BDF571800ECA886 /* navbardemoTests */,
				3F52B7642BDF571800ECA886 /* navbardemoUITests */,
			);
		};
/* End PBXProject section */

/* Begin PBXResourcesBuildPhase section */
		3F52B7402BDF571700ECA886 /* Resources */ = {
			isa = PBXResourcesBuildPhase;
			buildActionMask = 2147483647;
			files = (
				3F52B7522BDF571800ECA886 /* Assets.xcassets in Resources */,
				3F52B7552BDF571800ECA886 /* Base in Resources */,
				3F52B74D2BDF571700ECA886 /* Base in Resources */,
			);
			runOnlyForDeploymentPostprocessing = 0;
		};
		3F52B7592BDF571800ECA886 /* Resources */ = {
			isa = PBXResourcesBuildPhase;
			buildActionMask = 2147483647;
			files = (
			);
			runOnlyForDeploymentPostprocessing = 0;
		};
		3F52B7632BDF571800ECA886 /* Resources */ = {
			isa = PBXResourcesBuildPhase;
			buildActionMask = 2147483647;
			files = (
			);
			runOnlyForDeploymentPostprocessing = 0;
		};
/* End PBXResourcesBuildPhase section */

/* Begin PBXSourcesBuildPhase section */
		3F52B73E2BDF571700ECA886 /* Sources */ = {
			isa = PBXSourcesBuildPhase;
			buildActionMask = 2147483647;
			files = (
				3F52B74A2BDF571700ECA886 /* ViewController.swift in Sources */,
				3F52B7462BDF571700ECA886 /* AppDelegate.swift in Sources */,
				3F52B7502BDF571700ECA886 /* navbardemo.xcdatamodeld in Sources */,
				3F52B7482BDF571700ECA886 /* SceneDelegate.swift in Sources */,
			);
			runOnlyForDeploymentPostprocessing = 0;
		};
		3F52B7572BDF571800ECA886 /* Sources */ = {
			isa = PBXSourcesBuildPhase;
			buildActionMask = 2147483647;
			files = (
				3F52B7602BDF571800ECA886 /* navbardemoTests.swift in Sources */,
			);
			runOnlyForDeploymentPostprocessing = 0;
		};
		3F52B7612BDF571800ECA886 /* Sources */ = {
			isa = PBXSourcesBuildPhase;
			buildActionMask = 2147483647;
			files = (
				3F52B76A2BDF571800ECA886 /* navbardemoUITests.swift in Sources */,
				3F52B76C2BDF571800ECA886 /* navbardemoUITestsLaunchTests.swift in Sources */,
			);
			runOnlyForDeploymentPostprocessing = 0;
		};
/* End PBXSourcesBuildPhase section */

/* Begin PBXTargetDependency section */
		3F52B75D2BDF571800ECA886 /* PBXTargetDependency */ = {
			isa = PBXTargetDependency;
			target = 3F52B7412BDF571700ECA886 /* navbardemo */;
			targetProxy = 3F52B75C2BDF571800ECA886 /* PBXContainerItemProxy */;
		};
		3F52B7672BDF571800ECA886 /* PBXTargetDependency */ = {
			isa = PBXTargetDependency;
			target = 3F52B7412BDF571700ECA886 /* navbardemo */;
			targetProxy = 3F52B7662BDF571800ECA886 /* PBXContainerItemProxy */;
		};
/* End PBXTargetDependency section */

/* Begin PBXVariantGroup section */
		3F52B74B2BDF571700ECA886 /* Main.storyboard */ = {
			isa = PBXVariantGroup;
			children = (
				3F52B74C2BDF571700ECA886 /* Base */,
			);
			name = Main.storyboard;
			sourceTree = "<group>";
		};
		3F52B7532BDF571800ECA886 /* LaunchScreen.storyboard */ = {
			isa = PBXVariantGroup;
			children = (
				3F52B7542BDF571800ECA886 /* Base */,
			);
			name = LaunchScreen.storyboard;
			sourceTree = "<group>";
		};
/* End PBXVariantGroup section */

/* Begin XCBuildConfiguration section */
		3F52B76D2BDF571800ECA886 /* Debug */ = {
			isa = XCBuildConfiguration;
			buildSettings = {
				ALWAYS_SEARCH_USER_PATHS = NO;
				ASSETCATALOG_COMPILER_GENERATE_SWIFT_ASSET_SYMBOL_EXTENSIONS = YES;
				CLANG_ANALYZER_NONNULL = YES;
				CLANG_ANALYZER_NUMBER_OBJECT_CONVERSION = YES_AGGRESSIVE;
				CLANG_CXX_LANGUAGE_STANDARD = "gnu++20";
				CLANG_ENABLE_MODULES = YES;
				CLANG_ENABLE_OBJC_ARC = YES;
				CLANG_ENABLE_OBJC_WEAK = YES;
				CLANG_WARN_BLOCK_CAPTURE_AUTORELEASING = YES;
				CLANG_WARN_BOOL_CONVERSION = YES;
				CLANG_WARN_COMMA = YES;
				CLANG_WARN_CONSTANT_CONVERSION = YES;
				CLANG_WARN_DEPRECATED_OBJC_IMPLEMENTATIONS = YES;
				CLANG_WARN_DIRECT_OBJC_ISA_USAGE = YES_ERROR;
				CLANG_WARN_DOCUMENTATION_COMMENTS = YES;
				CLANG_WARN_EMPTY_BODY = YES;
				CLANG_WARN_ENUM_CONVERSION = YES;
				CLANG_WARN_INFINITE_RECURSION = YES;
				CLANG_WARN_INT_CONVERSION = YES;
				CLANG_WARN_NON_LITERAL_NULL_CONVERSION = YES;
				CLANG_WARN_OBJC_IMPLICIT_RETAIN_SELF = YES;
				CLANG_WARN_OBJC_LITERAL_CONVERSION = YES;
				CLANG_WARN_OBJC_ROOT_CLASS = YES_ERROR;
				CLANG_WARN_QUOTED_INCLUDE_IN_FRAMEWORK_HEADER = YES;
				CLANG_WARN_RANGE_LOOP_ANALYSIS = YES;
				CLANG_WARN_STRICT_PROTOTYPES = YES;
				CLANG_WARN_SUSPICIOUS_MOVE = YES;
				CLANG_WARN_UNGUARDED_AVAILABILITY = YES_AGGRESSIVE;
				CLANG_WARN_UNREACHABLE_CODE = YES;
				CLANG_WARN__DUPLICATE_METHOD_MATCH = YES;
				COPY_PHASE_STRIP = NO;
				DEBUG_INFORMATION_FORMAT = dwarf;
				ENABLE_STRICT_OBJC_MSGSEND = YES;
				ENABLE_TESTABILITY = YES;
				ENABLE_USER_SCRIPT_SANDBOXING = YES;
				GCC_C_LANGUAGE_STANDARD = gnu17;
				GCC_DYNAMIC_NO_PIC = NO;
				GCC_NO_COMMON_BLOCKS = YES;
				GCC_OPTIMIZATION_LEVEL = 0;
				GCC_PREPROCESSOR_DEFINITIONS = (
					"DEBUG=1",
					"$(inherited)",
				);
				GCC_WARN_64_TO_32_BIT_CONVERSION = YES;
				GCC_WARN_ABOUT_RETURN_TYPE = YES_ERROR;
				GCC_WARN_UNDECLARED_SELECTOR = YES;
				GCC_WARN_UNINITIALIZED_AUTOS = YES_AGGRESSIVE;
				GCC_WARN_UNUSED_FUNCTION = YES;
				GCC_WARN_UNUSED_VARIABLE = YES;
				IPHONEOS_DEPLOYMENT_TARGET = 17.4;
				LOCALIZATION_PREFERS_STRING_CATALOGS = YES;
				MTL_ENABLE_DEBUG_INFO = INCLUDE_SOURCE;
				MTL_FAST_MATH = YES;
				ONLY_ACTIVE_ARCH = YES;
				SDKROOT = iphoneos;
				SWIFT_ACTIVE_COMPILATION_CONDITIONS = "DEBUG $(inherited)";
				SWIFT_OPTIMIZATION_LEVEL = "-Onone";
			};
			name = Debug;
		};
		3F52B76E2BDF571800ECA886 /* Release */ = {
			isa = XCBuildConfiguration;
			buildSettings = {
				ALWAYS_SEARCH_USER_PATHS = NO;
				ASSETCATALOG_COMPILER_GENERATE_SWIFT_ASSET_SYMBOL_EXTENSIONS = YES;
				CLANG_ANALYZER_NONNULL = YES;
				CLANG_ANALYZER_NUMBER_OBJECT_CONVERSION = YES_AGGRESSIVE;
				CLANG_CXX_LANGUAGE_STANDARD = "gnu++20";
				CLANG_ENABLE_MODULES = YES;
				CLANG_ENABLE_OBJC_ARC = YES;
				CLANG_ENABLE_OBJC_WEAK = YES;
				CLANG_WARN_BLOCK_CAPTURE_AUTORELEASING = YES;
				CLANG_WARN_BOOL_CONVERSION = YES;
				CLANG_WARN_COMMA = YES;
				CLANG_WARN_CONSTANT_CONVERSION = YES;
				CLANG_WARN_DEPRECATED_OBJC_IMPLEMENTATIONS = YES;
				CLANG_WARN_DIRECT_OBJC_ISA_USAGE = YES_ERROR;
				CLANG_WARN_DOCUMENTATION_COMMENTS = YES;
				CLANG_WARN_EMPTY_BODY = YES;
				CLANG_WARN_ENUM_CONVERSION = YES;
				CLANG_WARN_INFINITE_RECURSION = YES;
				CLANG_WARN_INT_CONVERSION = YES;
				CLANG_WARN_NON_LITERAL_NULL_CONVERSION = YES;
				CLANG_WARN_OBJC_IMPLICIT_RETAIN_SELF = YES;
				CLANG_WARN_OBJC_LITERAL_CONVERSION = YES;
				CLANG_WARN_OBJC_ROOT_CLASS = YES_ERROR;
				CLANG_WARN_QUOTED_INCLUDE_IN_FRAMEWORK_HEADER = YES;
				CLANG_WARN_RANGE_LOOP_ANALYSIS = YES;
				CLANG_WARN_STRICT_PROTOTYPES = YES;
				CLANG_WARN_SUSPICIOUS_MOVE = YES;
				CLANG_WARN_UNGUARDED_AVAILABILITY = YES_AGGRESSIVE;
				CLANG_WARN_UNREACHABLE_CODE = YES;
				CLANG_WARN__DUPLICATE_METHOD_MATCH = YES;
				COPY_PHASE_STRIP = NO;
				DEBUG_INFORMATION_FORMAT = "dwarf-with-dsym";
				ENABLE_NS_ASSERTIONS = NO;
				ENABLE_STRICT_OBJC_MSGSEND = YES;
				ENABLE_USER_SCRIPT_SANDBOXING = YES;
				GCC_C_LANGUAGE_STANDARD = gnu17;
				GCC_NO_COMMON_BLOCKS = YES;
				GCC_WARN_64_TO_32_BIT_CONVERSION = YES;
				GCC_WARN_ABOUT_RETURN_TYPE = YES_ERROR;
				GCC_WARN_UNDECLARED_SELECTOR = YES;
				GCC_WARN_UNINITIALIZED_AUTOS = YES_AGGRESSIVE;
				GCC_WARN_UNUSED_FUNCTION = YES;
				GCC_WARN_UNUSED_VARIABLE = YES;
				IPHONEOS_DEPLOYMENT_TARGET = 17.4;
				LOCALIZATION_PREFERS_STRING_CATALOGS = YES;
				MTL_ENABLE_DEBUG_INFO = NO;
				MTL_FAST_MATH = YES;
				SDKROOT = iphoneos;
				SWIFT_COMPILATION_MODE = wholemodule;
				VALIDATE_PRODUCT = YES;
			};
			name = Release;
		};
		3F52B7702BDF571800ECA886 /* Debug */ = {
			isa = XCBuildConfiguration;
			buildSettings = {
				ASSETCATALOG_COMPILER_APPICON_NAME = AppIcon;
				ASSETCATALOG_COMPILER_GLOBAL_ACCENT_COLOR_NAME = AccentColor;
				CODE_SIGN_STYLE = Automatic;
				CURRENT_PROJECT_VERSION = 1;
				GENERATE_INFOPLIST_FILE = YES;
				INFOPLIST_FILE = navbardemo/Info.plist;
				INFOPLIST_KEY_UIApplicationSupportsIndirectInputEvents = YES;
				INFOPLIST_KEY_UILaunchStoryboardName = LaunchScreen;
				INFOPLIST_KEY_UIMainStoryboardFile = Main;
				INFOPLIST_KEY_UISupportedInterfaceOrientations_iPad = "UIInterfaceOrientationPortrait UIInterfaceOrientationPortraitUpsideDown UIInterfaceOrientationLandscapeLeft UIInterfaceOrientationLandscapeRight";
				INFOPLIST_KEY_UISupportedInterfaceOrientations_iPhone = "UIInterfaceOrientationPortrait UIInterfaceOrientationLandscapeLeft UIInterfaceOrientationLandscapeRight";
				LD_RUNPATH_SEARCH_PATHS = (
					"$(inherited)",
					"@executable_path/Frameworks",
				);
				MARKETING_VERSION = 1.0;
				PRODUCT_BUNDLE_IDENTIFIER = gauravjha.com.navbardemo;
				PRODUCT_NAME = "$(TARGET_NAME)";
				SWIFT_EMIT_LOC_STRINGS = YES;
				SWIFT_VERSION = 5.0;
				TARGETED_DEVICE_FAMILY = "1,2";
			};
			name = Debug;
		};
		3F52B7712BDF571800ECA886 /* Release */ = {
			isa = XCBuildConfiguration;
			buildSettings = {
				ASSETCATALOG_COMPILER_APPICON_NAME = AppIcon;
				ASSETCATALOG_COMPILER_GLOBAL_ACCENT_COLOR_NAME = AccentColor;
				CODE_SIGN_STYLE = Automatic;
				CURRENT_PROJECT_VERSION = 1;
				GENERATE_INFOPLIST_FILE = YES;
				INFOPLIST_FILE = navbardemo/Info.plist;
				INFOPLIST_KEY_UIApplicationSupportsIndirectInputEvents = YES;
				INFOPLIST_KEY_UILaunchStoryboardName = LaunchScreen;
				INFOPLIST_KEY_UIMainStoryboardFile = Main;
				INFOPLIST_KEY_UISupportedInterfaceOrientations_iPad = "UIInterfaceOrientationPortrait UIInterfaceOrientationPortraitUpsideDown UIInterfaceOrientationLandscapeLeft UIInterfaceOrientationLandscapeRight";
				INFOPLIST_KEY_UISupportedInterfaceOrientations_iPhone = "UIInterfaceOrientationPortrait UIInterfaceOrientationLandscapeLeft UIInterfaceOrientationLandscapeRight";
				LD_RUNPATH_SEARCH_PATHS = (
					"$(inherited)",
					"@executable_path/Frameworks",
				);
				MARKETING_VERSION = 1.0;
				PRODUCT_BUNDLE_IDENTIFIER = gauravjha.com.navbardemo;
				PRODUCT_NAME = "$(TARGET_NAME)";
				SWIFT_EMIT_LOC_STRINGS = YES;
				SWIFT_VERSION = 5.0;
				TARGETED_DEVICE_FAMILY = "1,2";
			};
			name = Release;
		};
		3F52B7732BDF571800ECA886 /* Debug */ = {
			isa = XCBuildConfiguration;
			buildSettings = {
				ALWAYS_EMBED_SWIFT_STANDARD_LIBRARIES = YES;
				BUNDLE_LOADER = "$(TEST_HOST)";
				CODE_SIGN_STYLE = Automatic;
				CURRENT_PROJECT_VERSION = 1;
				GENERATE_INFOPLIST_FILE = YES;
				IPHONEOS_DEPLOYMENT_TARGET = 17.4;
				MARKETING_VERSION = 1.0;
				PRODUCT_BUNDLE_IDENTIFIER = gauravjha.com.navbardemoTests;
				PRODUCT_NAME = "$(TARGET_NAME)";
				SWIFT_EMIT_LOC_STRINGS = NO;
				SWIFT_VERSION = 5.0;
				TARGETED_DEVICE_FAMILY = "1,2";
				TEST_HOST = "$(BUILT_PRODUCTS_DIR)/navbardemo.app/$(BUNDLE_EXECUTABLE_FOLDER_PATH)/navbardemo";
			};
			name = Debug;
		};
		3F52B7742BDF571800ECA886 /* Release */ = {
			isa = XCBuildConfiguration;
			buildSettings = {
				ALWAYS_EMBED_SWIFT_STANDARD_LIBRARIES = YES;
				BUNDLE_LOADER = "$(TEST_HOST)";
				CODE_SIGN_STYLE = Automatic;
				CURRENT_PROJECT_VERSION = 1;
				GENERATE_INFOPLIST_FILE = YES;
				IPHONEOS_DEPLOYMENT_TARGET = 17.4;
				MARKETING_VERSION = 1.0;
				PRODUCT_BUNDLE_IDENTIFIER = gauravjha.com.navbardemoTests;
				PRODUCT_NAME = "$(TARGET_NAME)";
				SWIFT_EMIT_LOC_STRINGS = NO;
				SWIFT_VERSION = 5.0;
				TARGETED_DEVICE_FAMILY = "1,2";
				TEST_HOST = "$(BUILT_PRODUCTS_DIR)/navbardemo.app/$(BUNDLE_EXECUTABLE_FOLDER_PATH)/navbardemo";
			};
			name = Release;
		};
		3F52B7762BDF571800ECA886 /* Debug */ = {
			isa = XCBuildConfiguration;
			buildSettings = {
				ALWAYS_EMBED_SWIFT_STANDARD_LIBRARIES = YES;
				CODE_SIGN_STYLE = Automatic;
				CURRENT_PROJECT_VERSION = 1;
				GENERATE_INFOPLIST_FILE = YES;
				MARKETING_VERSION = 1.0;
				PRODUCT_BUNDLE_IDENTIFIER = gauravjha.com.navbardemoUITests;
				PRODUCT_NAME = "$(TARGET_NAME)";
				SWIFT_EMIT_LOC_STRINGS = NO;
				SWIFT_VERSION = 5.0;
				TARGETED_DEVICE_FAMILY = "1,2";
				TEST_TARGET_NAME = navbardemo;
			};
			name = Debug;
		};
		3F52B7772BDF571800ECA886 /* Release */ = {
			isa = XCBuildConfiguration;
			buildSettings = {
				ALWAYS_EMBED_SWIFT_STANDARD_LIBRARIES = YES;
				CODE_SIGN_STYLE = Automatic;
				CURRENT_PROJECT_VERSION = 1;
				GENERATE_INFOPLIST_FILE = YES;
				MARKETING_VERSION = 1.0;
				PRODUCT_BUNDLE_IDENTIFIER = gauravjha.com.navbardemoUITests;
				PRODUCT_NAME = "$(TARGET_NAME)";
				SWIFT_EMIT_LOC_STRINGS = NO;
				SWIFT_VERSION = 5.0;
				TARGETED_DEVICE_FAMILY = "1,2";
				TEST_TARGET_NAME = navbardemo;
			};
			name = Release;
		};
/* End XCBuildConfiguration section */

/* Begin XCConfigurationList section */
		3F52B73D2BDF571700ECA886 /* Build configuration list for PBXProject "navbardemo" */ = {
			isa = XCConfigurationList;
			buildConfigurations = (
				3F52B76D2BDF571800ECA886 /* Debug */,
				3F52B76E2BDF571800ECA886 /* Release */,
			);
			defaultConfigurationIsVisible = 0;
			defaultConfigurationName = Release;
		};
		3F52B76F2BDF571800ECA886 /* Build configuration list for PBXNativeTarget "navbardemo" */ = {
			isa = XCConfigurationList;
			buildConfigurations = (
				3F52B7702BDF571800ECA886 /* Debug */,
				3F52B7712BDF571800ECA886 /* Release */,
			);
			defaultConfigurationIsVisible = 0;
			defaultConfigurationName = Release;
		};
		3F52B7722BDF571800ECA886 /* Build configuration list for PBXNativeTarget "navbardemoTests" */ = {
			isa = XCConfigurationList;
			buildConfigurations = (
				3F52B7732BDF571800ECA886 /* Debug */,
				3F52B7742BDF571800ECA886 /* Release */,
			);
			defaultConfigurationIsVisible = 0;
			defaultConfigurationName = Release;
		};
		3F52B7752BDF571800ECA886 /* Build configuration list for PBXNativeTarget "navbardemoUITests" */ = {
			isa = XCConfigurationList;
			buildConfigurations = (
				3F52B7762BDF571800ECA886 /* Debug */,
				3F52B7772BDF571800ECA886 /* Release */,
			);
			defaultConfigurationIsVisible = 0;
			defaultConfigurationName = Release;
		};
/* End XCConfigurationList section */

/* Begin XCVersionGroup section */
		3F52B74E2BDF571700ECA886 /* navbardemo.xcdatamodeld */ = {
			isa = XCVersionGroup;
			children = (
				3F52B74F2BDF571700ECA886 /* navbardemo.xcdatamodel */,
			);
			currentVersion = 3F52B74F2BDF571700ECA886 /* navbardemo.xcdatamodel */;
			path = navbardemo.xcdatamodeld;
			sourceTree = "<group>";
			versionGroupType = wrapper.xcdatamodel;
		};
/* End XCVersionGroup section */
	};
	rootObject = 3F52B73A2BDF571700ECA886 /* Project object */;
}
